
Microsoft Visual Studio Solution File, Format Version 12.00
# Visual Studio Version 16
VisualStudioVersion = 16.0.32929.386
MinimumVisualStudioVersion = 10.0.40219.1
Project("{8BC9CEB8-8B4A-11D0-8D11-00A0C91BC942}") = "FastFrontEnd", "FastFrontEnd\FastFrontEnd.vcxproj", "{023F625E-896E-4777-A961-F61992C31F33}"
EndProject
Project("{8BC9CEB8-8B4A-11D0-8D11-00A0C91BC942}") = "PotyFast", "PotyFast\PotyFast.vcxproj", "{11881E38-4179-4E48-A9B3-D7B4266DC3C7}"
EndProject
Global
	GlobalSection(SolutionConfigurationPlatforms) = preSolution
		Debug|x64 = Debug|x64
		Debug|x86 = Debug|x86
		Release|x64 = Release|x64
		Release|x86 = Release|x86
	EndGlobalSection
	GlobalSection(ProjectConfigurationPlatforms) = postSolution
		{023F625E-896E-4777-A961-F61992C31F33}.Debug|x64.ActiveCfg = Debug|x64
		{023F625E-896E-4777-A961-F61992C31F33}.Debug|x64.Build.0 = Debug|x64
		{023F625E-896E-4777-A961-F61992C31F33}.Debug|x86.ActiveCfg = Debug|Win32
		{023F625E-896E-4777-A961-F61992C31F33}.Debug|x86.Build.0 = Debug|Win32
		{023F625E-896E-4777-A961-F61992C31F33}.Release|x64.ActiveCfg = Release|x64
		{023F625E-896E-4777-A961-F61992C31F33}.Release|x64.Build.0 = Release|x64
		{023F625E-896E-4777-A961-F61992C31F33}.Release|x86.ActiveCfg = Release|Win32
		{023F625E-896E-4777-A961-F61992C31F33}.Release|x86.Build.0 = Release|Win32
		{11881E38-4179-4E48-A9B3-D7B4266DC3C7}.Debug|x64.ActiveCfg = Debug|x64
		{11881E38-4179-4E48-A9B3-D7B4266DC3C7}.Debug|x64.Build.0 = Debug|x64
		{11881E38-4179-4E48-A9B3-D7B4266DC3C7}.Debug|x86.ActiveCfg = Debug|Win32
		{11881E38-4179-4E48-A9B3-D7B4266DC3C7}.Debug|x86.Build.0 = Debug|Win32
		{11881E38-4179-4E48-A9B3-D7B4266DC3C7}.Release|x64.ActiveCfg = Release|x64
		{11881E38-4179-4E48-A9B3-D7B4266DC3C7}.Release|x64.Build.0 = Release|x64
		{11881E38-4179-4E48-A9B3-D7B4266DC3C7}.Release|x86.ActiveCfg = Release|Win32
		{11881E38-4179-4E48-A9B3-D7B4266DC3C7}.Release|x86.Build.0 = Release|Win32
	EndGlobalSection
	GlobalSection(SolutionProperties) = preSolution
		HideSolutionNode = FALSE
	EndGlobalSection
	GlobalSection(ExtensibilityGlobals) = postSolution
		SolutionGuid = {0CBD4C4D-0AA3-4712-9108-520AC9BB249D}
	EndGlobalSection
EndGlobal
